{
  "lockfile_version": "1",
  "packages": {
    "age-plugin-tpm@latest": {
      "last_modified": "2025-10-22T20:59:19Z",
      "resolved": "github:NixOS/nixpkgs/01b6809f7f9d1183a2b3e081f0a1e6f8f415cb09#age-plugin-tpm",
      "source": "devbox-search",
      "version": "0.3.0",
      "systems": {
        "aarch64-darwin": {
          "outputs": [
            {
              "name": "out",
              "path": "/nix/store/7fpczx5mi3niprb1ks7k27dcpjdjak72-age-plugin-tpm-0.3.0",
              "default": true
            }
          ],
          "store_path": "/nix/store/7fpczx5mi3niprb1ks7k27dcpjdjak72-age-plugin-tpm-0.3.0"
        },
        "aarch64-linux": {
          "outputs": [
            {
              "name": "out",
              "path": "/nix/store/55crrjmrjw6aml23l6bfhmb0b28mgs4g-age-plugin-tpm-0.3.0",
              "default": true
            }
          ],
          "store_path": "/nix/store/55crrjmrjw6aml23l6bfhmb0b28mgs4g-age-plugin-tpm-0.3.0"
        },
        "x86_64-darwin": {
          "outputs": [
            {
              "name": "out",
              "path": "/nix/store/v7f087l75yxaj1h5jdhjys7a6ll4pbpd-age-plugin-tpm-0.3.0",
              "default": true
            }
          ],
          "store_path": "/nix/store/v7f087l75yxaj1h5jdhjys7a6ll4pbpd-age-plugin-tpm-0.3.0"
        },
        "x86_64-linux": {
          "outputs": [
            {
              "name": "out",
              "path": "/nix/store/2s5d2b50901zqvap3hrp4sfpczklarvr-age-plugin-tpm-0.3.0",
              "default": true
            }
          ],
          "store_path": "/nix/store/2s5d2b50901zqvap3hrp4sfpczklarvr-age-plugin-tpm-0.3.0"
        }
      }
    },
    "alejandra@latest": {
      "last_modified": "2025-10-22T20:59:19Z",
      "resolved": "github:NixOS/nixpkgs/01b6809f7f9d1183a2b3e081f0a1e6f8f415cb09#alejandra",
      "source": "devbox-search",
      "version": "4.0.0",
      "systems": {
        "aarch64-darwin": {
          "outputs": [
            {
              "name": "out",
              "path": "/nix/store/5dr24r2klrcppcs5ca687dh0775m9az2-alejandra-4.0.0",
              "default": true
            }
          ],
          "store_path": "/nix/store/5dr24r2klrcppcs5ca687dh0775m9az2-alejandra-4.0.0"
        },
        "aarch64-linux": {
          "outputs": [
            {
              "name": "out",
              "path": "/nix/store/sy7mr23567l1hzqn66zn2qjpgzv0l67a-alejandra-4.0.0",
              "default": true
            }
          ],
          "store_path": "/nix/store/sy7mr23567l1hzqn66zn2qjpgzv0l67a-alejandra-4.0.0"
        },
        "x86_64-darwin": {
          "outputs": [
            {
              "name": "out",
              "path": "/nix/store/4v24c9i178vanzqbja4z6hsn8h9xi40r-alejandra-4.0.0",
              "default": true
            }
          ],
          "store_path": "/nix/store/4v24c9i178vanzqbja4z6hsn8h9xi40r-alejandra-4.0.0"
        },
        "x86_64-linux": {
          "outputs": [
            {
              "name": "out",
              "path": "/nix/store/3vfia0d4kfz7x2v1q3s7z6czqlfl71h6-alejandra-4.0.0",
              "default": true
            }
          ],
          "store_path": "/nix/store/3vfia0d4kfz7x2v1q3s7z6czqlfl71h6-alejandra-4.0.0"
        }
      }
    },
    "deadnix@latest": {
      "last_modified": "2025-10-22T20:59:19Z",
      "resolved": "github:NixOS/nixpkgs/01b6809f7f9d1183a2b3e081f0a1e6f8f415cb09#deadnix",
      "source": "devbox-search",
      "version": "1.3.1",
      "systems": {
        "aarch64-darwin": {
          "outputs": [
            {
              "name": "out",
              "path": "/nix/store/8f9n4hw7309n920xmybnfwacy0q2qrfs-deadnix-1.3.1",
              "default": true
            }
          ],
          "store_path": "/nix/store/8f9n4hw7309n920xmybnfwacy0q2qrfs-deadnix-1.3.1"
        },
        "aarch64-linux": {
          "outputs": [
            {
              "name": "out",
              "path": "/nix/store/krifl0dcxbvrp9pi0809bpm9iw3wwncv-deadnix-1.3.1",
              "default": true
            }
          ],
          "store_path": "/nix/store/krifl0dcxbvrp9pi0809bpm9iw3wwncv-deadnix-1.3.1"
        },
        "x86_64-darwin": {
          "outputs": [
            {
              "name": "out",
              "path": "/nix/store/7sv1hk1rjm7jr05v5jkzg5nynhscg349-deadnix-1.3.1",
              "default": true
            }
          ],
          "store_path": "/nix/store/7sv1hk1rjm7jr05v5jkzg5nynhscg349-deadnix-1.3.1"
        },
        "x86_64-linux": {
          "outputs": [
            {
              "name": "out",
              "path": "/nix/store/4ld9znjpjl9vzx5wgvpc5jphwzradyh7-deadnix-1.3.1",
              "default": true
            }
          ],
          "store_path": "/nix/store/4ld9znjpjl9vzx5wgvpc5jphwzradyh7-deadnix-1.3.1"
        }
      }
    },
    "git@latest": {
      "last_modified": "2025-11-01T04:38:15Z",
      "resolved": "github:NixOS/nixpkgs/f1e8ae508a9a467a9f51d29b8639e96db2b52c30#git",
      "source": "devbox-search",
      "version": "2.51.0",
      "systems": {
        "aarch64-darwin": {
          "outputs": [
            {
              "name": "out",
              "path": "/nix/store/1xqc4nc97vwmx6dqrk0zns79xncb5chw-git-2.51.0",
              "default": true
            },
            {
              "name": "doc",
              "path": "/nix/store/fwx23zsz09rirgfp0r5kzsh7nbg6d9ff-git-2.51.0-doc"
            }
          ],
          "store_path": "/nix/store/1xqc4nc97vwmx6dqrk0zns79xncb5chw-git-2.51.0"
        },
        "aarch64-linux": {
          "outputs": [
            {
              "name": "out",
              "path": "/nix/store/1xrbd5mmc64lx3hwm07kq27f445rs4xh-git-2.51.0",
              "default": true
            },
            {
              "name": "debug",
              "path": "/nix/store/h5r9901ms52cxfqvm4pb0d2y24ddc9vv-git-2.51.0-debug"
            },
            {
              "name": "doc",
              "path": "/nix/store/0dp21kpx7d2xh0y29y79wwggrhgnjks5-git-2.51.0-doc"
            }
          ],
          "store_path": "/nix/store/1xrbd5mmc64lx3hwm07kq27f445rs4xh-git-2.51.0"
        },
        "x86_64-darwin": {
          "outputs": [
            {
              "name": "out",
              "path": "/nix/store/wcnaxbjl7fkdfy20jgyj4pf6jarc36p8-git-2.51.0",
              "default": true
            },
            {
              "name": "doc",
              "path": "/nix/store/sl8z2ijj21c8r4dxaa0vi4bv8xyavq26-git-2.51.0-doc"
            }
          ],
          "store_path": "/nix/store/wcnaxbjl7fkdfy20jgyj4pf6jarc36p8-git-2.51.0"
        },
        "x86_64-linux": {
          "outputs": [
            {
              "name": "out",
              "path": "/nix/store/60440kg5c51rrlpinkk2rkg020q5q6kv-git-2.51.0",
              "default": true
            },
            {
              "name": "debug",
              "path": "/nix/store/n2qv18fvl3d4jn4y1828mk89zpl83840-git-2.51.0-debug"
            },
            {
              "name": "doc",
              "path": "/nix/store/b7382m8mvzm3336f6lj8wdbqwsclc0yx-git-2.51.0-doc"
            }
          ],
          "store_path": "/nix/store/60440kg5c51rrlpinkk2rkg020q5q6kv-git-2.51.0"
        }
      }
    },
    "github:NixOS/nixpkgs/nixpkgs-unstable": {
      "last_modified": "2025-11-15T07:28:48Z",
      "resolved": "github:NixOS/nixpkgs/1d4c88323ac36805d09657d13a5273aea1b34f0c?lastModified=1763191728&narHash=sha256-esRhOS0APE6k40Hs%2FjjReXg%2Brx%2BJ5LkWw7cuWFKlwYA%3D"
    },
    "github:oddlama/agenix-rekey": {
      "last_modified": "2025-10-05T21:31:48Z",
      "resolved": "github:oddlama/agenix-rekey/42362b12f59978aabf3ec3334834ce2f3662013d?lastModified=1759699908&narHash=sha256-kYVGY8sAfqwpNch706Fy2%2B%2Fb%2BxbtfidhXSnzvthAhIQ%3D"
    },
    "go-task@latest": {
      "last_modified": "2025-10-22T20:59:19Z",
      "resolved": "github:NixOS/nixpkgs/01b6809f7f9d1183a2b3e081f0a1e6f8f415cb09#go-task",
      "source": "devbox-search",
      "version": "3.45.4",
      "systems": {
        "aarch64-darwin": {
          "outputs": [
            {
              "name": "out",
              "path": "/nix/store/mj7zghvnya1rl3gw3l8ll91qah5v9rxv-go-task-3.45.4",
              "default": true
            }
          ],
          "store_path": "/nix/store/mj7zghvnya1rl3gw3l8ll91qah5v9rxv-go-task-3.45.4"
        },
        "aarch64-linux": {
          "outputs": [
            {
              "name": "out",
              "path": "/nix/store/2rvk0icfridcj5035f0n05bbgs30y5pb-go-task-3.45.4",
              "default": true
            }
          ],
          "store_path": "/nix/store/2rvk0icfridcj5035f0n05bbgs30y5pb-go-task-3.45.4"
        },
        "x86_64-darwin": {
          "outputs": [
            {
              "name": "out",
              "path": "/nix/store/3n1f9c46z5vkvybghn9mp56iccxqghg6-go-task-3.45.4",
              "default": true
            }
          ],
          "store_path": "/nix/store/3n1f9c46z5vkvybghn9mp56iccxqghg6-go-task-3.45.4"
        },
        "x86_64-linux": {
          "outputs": [
            {
              "name": "out",
              "path": "/nix/store/sbhyd09c4nsdlg62mp4g4d6z0hga6f9z-go-task-3.45.4",
              "default": true
            }
          ],
          "store_path": "/nix/store/sbhyd09c4nsdlg62mp4g4d6z0hga6f9z-go-task-3.45.4"
        }
      }
    },
    "nil@latest": {
      "last_modified": "2025-11-04T19:54:02Z",
      "resolved": "github:NixOS/nixpkgs/12c1f0253aa9a54fdf8ec8aecaafada64a111e24#nil",
      "source": "devbox-search",
      "version": "2025-06-13",
      "systems": {
        "aarch64-darwin": {
          "outputs": [
            {
              "name": "out",
              "path": "/nix/store/nqmaylja9ss58xxkf3aa32qyd7y1qs7k-nil-2025-06-13",
              "default": true
            }
          ],
          "store_path": "/nix/store/nqmaylja9ss58xxkf3aa32qyd7y1qs7k-nil-2025-06-13"
        },
        "aarch64-linux": {
          "outputs": [
            {
              "name": "out",
              "path": "/nix/store/fkbrqfwlaw8r4rw3gjim5pr4xp6km85l-nil-2025-06-13",
              "default": true
            }
          ],
          "store_path": "/nix/store/fkbrqfwlaw8r4rw3gjim5pr4xp6km85l-nil-2025-06-13"
        },
        "x86_64-darwin": {
          "outputs": [
            {
              "name": "out",
              "path": "/nix/store/pcgjrzkbvawhdkfmr1sjpmcz27nmmc0m-nil-2025-06-13",
              "default": true
            }
          ],
          "store_path": "/nix/store/pcgjrzkbvawhdkfmr1sjpmcz27nmmc0m-nil-2025-06-13"
        },
        "x86_64-linux": {
          "outputs": [
            {
              "name": "out",
              "path": "/nix/store/p60fylc1g8f6wxa8qjx9b3ixyjk4mrmp-nil-2025-06-13",
              "default": true
            }
          ],
          "store_path": "/nix/store/p60fylc1g8f6wxa8qjx9b3ixyjk4mrmp-nil-2025-06-13"
        }
      }
    },
    "nixos-anywhere@latest": {
      "last_modified": "2025-11-04T19:54:02Z",
      "resolved": "github:NixOS/nixpkgs/12c1f0253aa9a54fdf8ec8aecaafada64a111e24#nixos-anywhere",
      "source": "devbox-search",
      "version": "1.12.0",
      "systems": {
        "aarch64-darwin": {
          "outputs": [
            {
              "name": "out",
              "path": "/nix/store/09s5gdz3v8zk7av5fsy5mnibi15irs5y-nixos-anywhere-1.12.0",
              "default": true
            }
          ],
          "store_path": "/nix/store/09s5gdz3v8zk7av5fsy5mnibi15irs5y-nixos-anywhere-1.12.0"
        },
        "aarch64-linux": {
          "outputs": [
            {
              "name": "out",
              "path": "/nix/store/m3xbbirxsxjxjwd3rg1hpd2vpyhmcn08-nixos-anywhere-1.12.0",
              "default": true
            }
          ],
          "store_path": "/nix/store/m3xbbirxsxjxjwd3rg1hpd2vpyhmcn08-nixos-anywhere-1.12.0"
        },
        "x86_64-darwin": {
          "outputs": [
            {
              "name": "out",
              "path": "/nix/store/44jjah6vkmcbpdfqmvnp7mi3c1jswzpq-nixos-anywhere-1.12.0",
              "default": true
            }
          ],
          "store_path": "/nix/store/44jjah6vkmcbpdfqmvnp7mi3c1jswzpq-nixos-anywhere-1.12.0"
        },
        "x86_64-linux": {
          "outputs": [
            {
              "name": "out",
              "path": "/nix/store/flq7rxhkpkwi1zix6sz1xvb5zb6ljws2-nixos-anywhere-1.12.0",
              "default": true
            }
          ],
          "store_path": "/nix/store/flq7rxhkpkwi1zix6sz1xvb5zb6ljws2-nixos-anywhere-1.12.0"
        }
      }
    },
    "pre-commit@latest": {
      "last_modified": "2025-10-22T20:59:19Z",
      "resolved": "github:NixOS/nixpkgs/01b6809f7f9d1183a2b3e081f0a1e6f8f415cb09#pre-commit",
      "source": "devbox-search",
      "version": "4.3.0",
      "systems": {
        "aarch64-darwin": {
          "outputs": [
            {
              "name": "out",
              "path": "/nix/store/ybm1c3dsh5p5d2hlz9vk7a2m2liilmwa-pre-commit-4.3.0",
              "default": true
            },
            {
              "name": "dist",
              "path": "/nix/store/2da0ih90r5dqsxgbwyf7y4cy49bsycds-pre-commit-4.3.0-dist"
            }
          ],
          "store_path": "/nix/store/ybm1c3dsh5p5d2hlz9vk7a2m2liilmwa-pre-commit-4.3.0"
        },
        "aarch64-linux": {
          "outputs": [
            {
              "name": "out",
              "path": "/nix/store/gva2a0hsz8jxgj2abp6aa1zhmamcdd2k-pre-commit-4.3.0",
              "default": true
            },
            {
              "name": "dist",
              "path": "/nix/store/141k4slj0hdc3mgkdsm7kxc2h70jk3r1-pre-commit-4.3.0-dist"
            }
          ],
          "store_path": "/nix/store/gva2a0hsz8jxgj2abp6aa1zhmamcdd2k-pre-commit-4.3.0"
        },
        "x86_64-darwin": {
          "outputs": [
            {
              "name": "out",
              "path": "/nix/store/cxjhh74an2y4n7cvzyf77asa99r7333l-pre-commit-4.3.0",
              "default": true
            },
            {
              "name": "dist",
              "path": "/nix/store/4y8s3ad4j7fqgsdb21g4b8q28rs37qnw-pre-commit-4.3.0-dist"
            }
          ],
          "store_path": "/nix/store/cxjhh74an2y4n7cvzyf77asa99r7333l-pre-commit-4.3.0"
        },
        "x86_64-linux": {
          "outputs": [
            {
              "name": "out",
              "path": "/nix/store/j1xrdcpd81zjz7ac5dd4q5c94mbkap9h-pre-commit-4.3.0",
              "default": true
            },
            {
              "name": "dist",
              "path": "/nix/store/azb7sm6hipp1cjk0cjl35a9v00xaq4rk-pre-commit-4.3.0-dist"
            }
          ],
          "store_path": "/nix/store/j1xrdcpd81zjz7ac5dd4q5c94mbkap9h-pre-commit-4.3.0"
        }
      }
    },
    "statix@latest": {
      "last_modified": "2025-10-22T20:59:19Z",
      "resolved": "github:NixOS/nixpkgs/01b6809f7f9d1183a2b3e081f0a1e6f8f415cb09#statix",
      "source": "devbox-search",
      "version": "0.5.8",
      "systems": {
        "aarch64-darwin": {
          "outputs": [
            {
              "name": "out",
              "path": "/nix/store/l917jgz3919rklvw2i2nf26nvqrmpc74-statix-0.5.8",
              "default": true
            }
          ],
          "store_path": "/nix/store/l917jgz3919rklvw2i2nf26nvqrmpc74-statix-0.5.8"
        },
        "aarch64-linux": {
          "outputs": [
            {
              "name": "out",
              "path": "/nix/store/63c7s0jmvgzm5v2vdlqp20pckza8lp05-statix-0.5.8",
              "default": true
            }
          ],
          "store_path": "/nix/store/63c7s0jmvgzm5v2vdlqp20pckza8lp05-statix-0.5.8"
        },
        "x86_64-darwin": {
          "outputs": [
            {
              "name": "out",
              "path": "/nix/store/m8l2vdr7kjdyhp5cmaam5rv6zilrhqcz-statix-0.5.8",
              "default": true
            }
          ],
          "store_path": "/nix/store/m8l2vdr7kjdyhp5cmaam5rv6zilrhqcz-statix-0.5.8"
        },
        "x86_64-linux": {
          "outputs": [
            {
              "name": "out",
              "path": "/nix/store/7cwipcxzhl22pbnnf3darnljv6yfw044-statix-0.5.8",
              "default": true
            }
          ],
          "store_path": "/nix/store/7cwipcxzhl22pbnnf3darnljv6yfw044-statix-0.5.8"
        }
      }
    }
  }
}
