{
  "lockfile_version": "1",
  "packages": {
    "alejandra@latest": {
      "last_modified": "2025-05-06T08:06:31Z",
      "resolved": "github:NixOS/nixpkgs/1cb1c02a6b1b7cf67e3d7731cbbf327a53da9679#alejandra",
      "source": "devbox-search",
      "version": "4.0.0",
      "systems": {
        "aarch64-darwin": {
          "outputs": [
            {
              "name": "out",
              "path": "/nix/store/g8wpjmfsfai7a2gc8whdvv047pg52qxj-alejandra-4.0.0",
              "default": true
            }
          ],
          "store_path": "/nix/store/g8wpjmfsfai7a2gc8whdvv047pg52qxj-alejandra-4.0.0"
        },
        "aarch64-linux": {
          "outputs": [
            {
              "name": "out",
              "path": "/nix/store/b594b2r3gxxgwmn3zkl8ghszhcws7rsz-alejandra-4.0.0",
              "default": true
            }
          ],
          "store_path": "/nix/store/b594b2r3gxxgwmn3zkl8ghszhcws7rsz-alejandra-4.0.0"
        },
        "x86_64-darwin": {
          "outputs": [
            {
              "name": "out",
              "path": "/nix/store/wj4h9fvp6q9vf6wfms6zqmszg3n1vgz6-alejandra-4.0.0",
              "default": true
            }
          ],
          "store_path": "/nix/store/wj4h9fvp6q9vf6wfms6zqmszg3n1vgz6-alejandra-4.0.0"
        },
        "x86_64-linux": {
          "outputs": [
            {
              "name": "out",
              "path": "/nix/store/9sgi8cb5rxqdq146f2m0bgfmv6065rc2-alejandra-4.0.0",
              "default": true
            }
          ],
          "store_path": "/nix/store/9sgi8cb5rxqdq146f2m0bgfmv6065rc2-alejandra-4.0.0"
        }
      }
    },
    "deadnix@latest": {
      "last_modified": "2025-05-06T08:06:31Z",
      "resolved": "github:NixOS/nixpkgs/1cb1c02a6b1b7cf67e3d7731cbbf327a53da9679#deadnix",
      "source": "devbox-search",
      "version": "1.2.1",
      "systems": {
        "aarch64-darwin": {
          "outputs": [
            {
              "name": "out",
              "path": "/nix/store/qhn49lizy0isgak37lcm75a1ddyad5na-deadnix-1.2.1",
              "default": true
            }
          ],
          "store_path": "/nix/store/qhn49lizy0isgak37lcm75a1ddyad5na-deadnix-1.2.1"
        },
        "aarch64-linux": {
          "outputs": [
            {
              "name": "out",
              "path": "/nix/store/yddk9hxjxmd8pps0ddlxs9fk0vapafc0-deadnix-1.2.1",
              "default": true
            }
          ],
          "store_path": "/nix/store/yddk9hxjxmd8pps0ddlxs9fk0vapafc0-deadnix-1.2.1"
        },
        "x86_64-darwin": {
          "outputs": [
            {
              "name": "out",
              "path": "/nix/store/p6z0hmkw4y2xglbwi9bw3ql61csnsvny-deadnix-1.2.1",
              "default": true
            }
          ],
          "store_path": "/nix/store/p6z0hmkw4y2xglbwi9bw3ql61csnsvny-deadnix-1.2.1"
        },
        "x86_64-linux": {
          "outputs": [
            {
              "name": "out",
              "path": "/nix/store/4szga7zqvazlwzn71ja4ysq9j8jm8dsv-deadnix-1.2.1",
              "default": true
            }
          ],
          "store_path": "/nix/store/4szga7zqvazlwzn71ja4ysq9j8jm8dsv-deadnix-1.2.1"
        }
      }
    },
    "git@latest": {
      "last_modified": "2025-05-06T08:06:31Z",
      "resolved": "github:NixOS/nixpkgs/1cb1c02a6b1b7cf67e3d7731cbbf327a53da9679#git",
      "source": "devbox-search",
      "version": "2.49.0",
      "systems": {
        "aarch64-darwin": {
          "outputs": [
            {
              "name": "out",
              "path": "/nix/store/s5b9rm8fjxggjak0yl2dkxzswfpzl8p8-git-2.49.0",
              "default": true
            },
            {
              "name": "doc",
              "path": "/nix/store/2hygrabh741w0ynwcb6gy2922cx4fnj3-git-2.49.0-doc"
            }
          ],
          "store_path": "/nix/store/s5b9rm8fjxggjak0yl2dkxzswfpzl8p8-git-2.49.0"
        },
        "aarch64-linux": {
          "outputs": [
            {
              "name": "out",
              "path": "/nix/store/rs24n34brzvcmgld6mgfg0dd7ynv26pp-git-2.49.0",
              "default": true
            },
            {
              "name": "debug",
              "path": "/nix/store/wgki5jsxgg6lxqh98jgbj9dnwv7f68cw-git-2.49.0-debug"
            },
            {
              "name": "doc",
              "path": "/nix/store/3h7fnw0qhy92c8iyrv2i64r6wywsnjsa-git-2.49.0-doc"
            }
          ],
          "store_path": "/nix/store/rs24n34brzvcmgld6mgfg0dd7ynv26pp-git-2.49.0"
        },
        "x86_64-darwin": {
          "outputs": [
            {
              "name": "out",
              "path": "/nix/store/0zv7h6mzrxk0sarvis22imr9nmnmqlpg-git-2.49.0",
              "default": true
            },
            {
              "name": "doc",
              "path": "/nix/store/yiy6g5pi9jvp2nzgd4ncfwbhs13nwwz1-git-2.49.0-doc"
            }
          ],
          "store_path": "/nix/store/0zv7h6mzrxk0sarvis22imr9nmnmqlpg-git-2.49.0"
        },
        "x86_64-linux": {
          "outputs": [
            {
              "name": "out",
              "path": "/nix/store/z8z1mhfnvw40dwljqazxv0343sv5ds2g-git-2.49.0",
              "default": true
            },
            {
              "name": "debug",
              "path": "/nix/store/w547h0xwq9489xnqg1ddqlh1v71xvng8-git-2.49.0-debug"
            },
            {
              "name": "doc",
              "path": "/nix/store/rjjf5h1qcwgdxs9w23h6p0bhavgaknyh-git-2.49.0-doc"
            }
          ],
          "store_path": "/nix/store/z8z1mhfnvw40dwljqazxv0343sv5ds2g-git-2.49.0"
        }
      }
    },
    "github:NixOS/nixpkgs/nixpkgs-unstable": {
      "last_modified": "2025-05-12T14:38:58Z",
      "resolved": "github:NixOS/nixpkgs/eaeed9530c76ce5f1d2d8232e08bec5e26f18ec1?lastModified=1747060738&narHash=sha256-ByfPRQuqj%2BnhtVV0koinEpmJw0KLzNbgcgi9EF%2BNVow%3D"
    },
    "go-task@latest": {
      "last_modified": "2025-05-06T08:06:31Z",
      "resolved": "github:NixOS/nixpkgs/1cb1c02a6b1b7cf67e3d7731cbbf327a53da9679#go-task",
      "source": "devbox-search",
      "version": "3.43.2",
      "systems": {
        "aarch64-darwin": {
          "outputs": [
            {
              "name": "out",
              "path": "/nix/store/39hrm5b9bla7mxbbqf9n1c5a4k5kswln-go-task-3.43.2",
              "default": true
            }
          ],
          "store_path": "/nix/store/39hrm5b9bla7mxbbqf9n1c5a4k5kswln-go-task-3.43.2"
        },
        "aarch64-linux": {
          "outputs": [
            {
              "name": "out",
              "path": "/nix/store/7a1wimm8z159vrb0sx86s39vlwy7nfbz-go-task-3.43.2",
              "default": true
            }
          ],
          "store_path": "/nix/store/7a1wimm8z159vrb0sx86s39vlwy7nfbz-go-task-3.43.2"
        },
        "x86_64-darwin": {
          "outputs": [
            {
              "name": "out",
              "path": "/nix/store/fzs7djm360kivv5dfrlrm6792b6zf14n-go-task-3.43.2",
              "default": true
            }
          ],
          "store_path": "/nix/store/fzs7djm360kivv5dfrlrm6792b6zf14n-go-task-3.43.2"
        },
        "x86_64-linux": {
          "outputs": [
            {
              "name": "out",
              "path": "/nix/store/pnyim2vhfwqh8bqrbd9vwbhqj1vsx2lx-go-task-3.43.2",
              "default": true
            }
          ],
          "store_path": "/nix/store/pnyim2vhfwqh8bqrbd9vwbhqj1vsx2lx-go-task-3.43.2"
        }
      }
    },
    "nil@latest": {
      "last_modified": "2025-05-06T08:06:31Z",
      "resolved": "github:NixOS/nixpkgs/1cb1c02a6b1b7cf67e3d7731cbbf327a53da9679#nil",
      "source": "devbox-search",
      "version": "2024-08-06",
      "systems": {
        "aarch64-darwin": {
          "outputs": [
            {
              "name": "out",
              "path": "/nix/store/7chf1v64yaqw48zlvlr1xp0npsf6y3nm-nil-2024-08-06",
              "default": true
            }
          ],
          "store_path": "/nix/store/7chf1v64yaqw48zlvlr1xp0npsf6y3nm-nil-2024-08-06"
        },
        "aarch64-linux": {
          "outputs": [
            {
              "name": "out",
              "path": "/nix/store/l3xpv7yhk2sf126nmd83ph8zyybiyyll-nil-2024-08-06",
              "default": true
            }
          ],
          "store_path": "/nix/store/l3xpv7yhk2sf126nmd83ph8zyybiyyll-nil-2024-08-06"
        },
        "x86_64-darwin": {
          "outputs": [
            {
              "name": "out",
              "path": "/nix/store/hqpnqa2aazm1d8vh31sigja10zy3s8r2-nil-2024-08-06",
              "default": true
            }
          ],
          "store_path": "/nix/store/hqpnqa2aazm1d8vh31sigja10zy3s8r2-nil-2024-08-06"
        },
        "x86_64-linux": {
          "outputs": [
            {
              "name": "out",
              "path": "/nix/store/l6ph361hiz98s9az2j9yr94n6k7mnq4r-nil-2024-08-06",
              "default": true
            }
          ],
          "store_path": "/nix/store/l6ph361hiz98s9az2j9yr94n6k7mnq4r-nil-2024-08-06"
        }
      }
    },
    "nixos-anywhere@latest": {
      "last_modified": "2025-05-06T08:06:31Z",
      "resolved": "github:NixOS/nixpkgs/1cb1c02a6b1b7cf67e3d7731cbbf327a53da9679#nixos-anywhere",
      "source": "devbox-search",
      "version": "1.9.0",
      "systems": {
        "aarch64-darwin": {
          "outputs": [
            {
              "name": "out",
              "path": "/nix/store/axyss9js0kygvxmzikq3da3y61cd29yh-nixos-anywhere-1.9.0",
              "default": true
            }
          ],
          "store_path": "/nix/store/axyss9js0kygvxmzikq3da3y61cd29yh-nixos-anywhere-1.9.0"
        },
        "aarch64-linux": {
          "outputs": [
            {
              "name": "out",
              "path": "/nix/store/sjp4013xaw9x4jfdswxmqd1d87vyilwa-nixos-anywhere-1.9.0",
              "default": true
            }
          ],
          "store_path": "/nix/store/sjp4013xaw9x4jfdswxmqd1d87vyilwa-nixos-anywhere-1.9.0"
        },
        "x86_64-darwin": {
          "outputs": [
            {
              "name": "out",
              "path": "/nix/store/idlzss3n4d8x93ji6mk1qb6jirls6ab4-nixos-anywhere-1.9.0",
              "default": true
            }
          ],
          "store_path": "/nix/store/idlzss3n4d8x93ji6mk1qb6jirls6ab4-nixos-anywhere-1.9.0"
        },
        "x86_64-linux": {
          "outputs": [
            {
              "name": "out",
              "path": "/nix/store/qiq3h0vbi8c82c3vxxryx57rl79lwhck-nixos-anywhere-1.9.0",
              "default": true
            }
          ],
          "store_path": "/nix/store/qiq3h0vbi8c82c3vxxryx57rl79lwhck-nixos-anywhere-1.9.0"
        }
      }
    },
    "pre-commit@latest": {
      "last_modified": "2025-05-06T16:34:47Z",
      "resolved": "github:NixOS/nixpkgs/f90d0af5db814e870b2ad1aebc4e8924a30c53dd#pre-commit",
      "source": "devbox-search",
      "version": "4.0.1",
      "systems": {
        "aarch64-darwin": {
          "outputs": [
            {
              "name": "out",
              "path": "/nix/store/3qcg99ylsvnpgjz6mraychq1cq7h0hqy-pre-commit-4.0.1",
              "default": true
            },
            {
              "name": "dist",
              "path": "/nix/store/2kfsh11nmbfb4p0swc8fbd64zx8yxk2m-pre-commit-4.0.1-dist"
            }
          ],
          "store_path": "/nix/store/3qcg99ylsvnpgjz6mraychq1cq7h0hqy-pre-commit-4.0.1"
        },
        "aarch64-linux": {
          "outputs": [
            {
              "name": "out",
              "path": "/nix/store/ncrrahxiwhhbfhlahhchn4vjjbbx2bki-pre-commit-4.0.1",
              "default": true
            },
            {
              "name": "dist",
              "path": "/nix/store/hs6q88mzrg7ahs0q8zrpzdhcjx3q7hby-pre-commit-4.0.1-dist"
            }
          ],
          "store_path": "/nix/store/ncrrahxiwhhbfhlahhchn4vjjbbx2bki-pre-commit-4.0.1"
        },
        "x86_64-darwin": {
          "outputs": [
            {
              "name": "out",
              "path": "/nix/store/4cawf7w6kan4hk8fm7fd61r6wrcx1pql-pre-commit-4.0.1",
              "default": true
            },
            {
              "name": "dist",
              "path": "/nix/store/i66khaa7g5v722lp1lb1sf9ahzlsdbhl-pre-commit-4.0.1-dist"
            }
          ],
          "store_path": "/nix/store/4cawf7w6kan4hk8fm7fd61r6wrcx1pql-pre-commit-4.0.1"
        },
        "x86_64-linux": {
          "outputs": [
            {
              "name": "out",
              "path": "/nix/store/8y3rszv7dpch6l6hbixfhmdwmki75mqq-pre-commit-4.0.1",
              "default": true
            },
            {
              "name": "dist",
              "path": "/nix/store/xaxz96ykrhz5rw55p9i5qvykd06zz285-pre-commit-4.0.1-dist"
            }
          ],
          "store_path": "/nix/store/8y3rszv7dpch6l6hbixfhmdwmki75mqq-pre-commit-4.0.1"
        }
      }
    },
    "statix@latest": {
      "last_modified": "2025-05-06T08:06:31Z",
      "resolved": "github:NixOS/nixpkgs/1cb1c02a6b1b7cf67e3d7731cbbf327a53da9679#statix",
      "source": "devbox-search",
      "version": "0.5.8",
      "systems": {
        "aarch64-darwin": {
          "outputs": [
            {
              "name": "out",
              "path": "/nix/store/q7nsrsnbnm1n4ahkviapn04s48sqv636-statix-0.5.8",
              "default": true
            }
          ],
          "store_path": "/nix/store/q7nsrsnbnm1n4ahkviapn04s48sqv636-statix-0.5.8"
        },
        "aarch64-linux": {
          "outputs": [
            {
              "name": "out",
              "path": "/nix/store/kbnj01n61r5r6dsxrk4fs20p43vjmcjp-statix-0.5.8",
              "default": true
            }
          ],
          "store_path": "/nix/store/kbnj01n61r5r6dsxrk4fs20p43vjmcjp-statix-0.5.8"
        },
        "x86_64-darwin": {
          "outputs": [
            {
              "name": "out",
              "path": "/nix/store/17b2x44smq6l7r32cavvdkf81hjn028i-statix-0.5.8",
              "default": true
            }
          ],
          "store_path": "/nix/store/17b2x44smq6l7r32cavvdkf81hjn028i-statix-0.5.8"
        },
        "x86_64-linux": {
          "outputs": [
            {
              "name": "out",
              "path": "/nix/store/bjwmmzxs92m4zvdm35y69mallkk4bwpa-statix-0.5.8",
              "default": true
            }
          ],
          "store_path": "/nix/store/bjwmmzxs92m4zvdm35y69mallkk4bwpa-statix-0.5.8"
        }
      }
    }
  }
}
